
Microsoft Visual Studio Solution File, Format Version 12.00
# Visual Studio Version 17
VisualStudioVersion = 17.11.35222.181
MinimumVisualStudioVersion = 10.0.40219.1
Project("{FAE04EC0-301F-11D3-BF4B-00C04F79EFBC}") = "Zadanko1", "Zadanko1\Zadanko1.csproj", "{89AF1724-9304-4E9A-AB88-7D604EA635D8}"
EndProject
Global
	GlobalSection(SolutionConfigurationPlatforms) = preSolution
		Debug|Any CPU = Debug|Any CPU
		Release|Any CPU = Release|Any CPU
	EndGlobalSection
	GlobalSection(ProjectConfigurationPlatforms) = postSolution
		{89AF1724-9304-4E9A-AB88-7D604EA635D8}.Debug|Any CPU.ActiveCfg = Debug|Any CPU
		{89AF1724-9304-4E9A-AB88-7D604EA635D8}.Debug|Any CPU.Build.0 = Debug|Any CPU
		{89AF1724-9304-4E9A-AB88-7D604EA635D8}.Release|Any CPU.ActiveCfg = Release|Any CPU
		{89AF1724-9304-4E9A-AB88-7D604EA635D8}.Release|Any CPU.Build.0 = Release|Any CPU
	EndGlobalSection
	GlobalSection(SolutionProperties) = preSolution
		HideSolutionNode = FALSE
	EndGlobalSection
	GlobalSection(ExtensibilityGlobals) = postSolution
		SolutionGuid = {40459E9A-A11F-4CEA-BE95-F524E423702A}
	EndGlobalSection
EndGlobal
